
Microsoft Visual Studio Solution File, Format Version 12.00
# Visual Studio Version 16
VisualStudioVersion = 16.0.30717.126
MinimumVisualStudioVersion = 10.0.40219.1
Project("{2150E333-8FDC-42A3-9474-1A3956D46DE8}") = "Задания", "Задания", "{4C384AF8-48F2-4C87-9573-0752D71AE6CE}"
	ProjectSection(SolutionItems) = preProject
		pi19_01\pi19_01_task.txt = pi19_01\pi19_01_task.txt
		pi19_01\pi19_02_task.txt = pi19_01\pi19_02_task.txt
		pi19_01\pi19_03_task.txt = pi19_01\pi19_03_task.txt
		pi19_git_task.txt = pi19_git_task.txt
		pi19_02\ЛабРаботы_ООП_2020_II.pdf = pi19_02\ЛабРаботы_ООП_2020_II.pdf
	EndProjectSection
EndProject
Project("{FAE04EC0-301F-11D3-BF4B-00C04F79EFBC}") = "pi192_01", "pi19_01\pi192_01\pi192_01.csproj", "{44170BD6-F4CF-4083-A467-A37E8D9F9C79}"
EndProject
Project("{FAE04EC0-301F-11D3-BF4B-00C04F79EFBC}") = "pi193_01", "pi19_01\pi193_01\pi193_01.csproj", "{5A4C20E9-5C62-4FB3-9B17-EBA84ED67B69}"
EndProject
Project("{FAE04EC0-301F-11D3-BF4B-00C04F79EFBC}") = "pi191_01", "pi19_01\pi191_01\pi191_01.csproj", "{FEFA86A9-357D-4516-A67F-8C1AC3773D3F}"
EndProject
Project("{FAE04EC0-301F-11D3-BF4B-00C04F79EFBC}") = "pi193_02", "pi19_01\pi193_02\pi193_02.csproj", "{C3A0675C-6D56-49E3-8C82-1BA357952264}"
EndProject
Project("{FAE04EC0-301F-11D3-BF4B-00C04F79EFBC}") = "pi192_02", "pi19_01\pi192_02\pi192_02.csproj", "{DAAF3A6D-C070-44C6-A337-9E38D5006E99}"
EndProject
Project("{FAE04EC0-301F-11D3-BF4B-00C04F79EFBC}") = "pi193_03", "pi19_01\pi193_03\pi193_03.csproj", "{D961AE34-0CE8-42D7-8869-E7528F00DBF9}"
EndProject
Project("{2150E333-8FDC-42A3-9474-1A3956D46DE8}") = "pi191", "pi191", "{475B0B62-F542-466D-9199-E04F8BA1876D}"
EndProject
Project("{2150E333-8FDC-42A3-9474-1A3956D46DE8}") = "pi192", "pi192", "{96DC3A6B-1AAD-48F1-9D48-A4A0A33629C3}"
EndProject
Project("{2150E333-8FDC-42A3-9474-1A3956D46DE8}") = "pi193", "pi193", "{F548A769-CA24-48AA-9FB2-B69C1B32A61A}"
EndProject
Project("{FAE04EC0-301F-11D3-BF4B-00C04F79EFBC}") = "pi191_02", "pi19_01\pi191_02\pi191_02.csproj", "{61EB388F-82EF-47A7-A869-08354CEB9657}"
EndProject
Project("{FAE04EC0-301F-11D3-BF4B-00C04F79EFBC}") = "pi192_03", "pi192_03\pi192_03.csproj", "{016D617C-C367-4C8A-A3D7-2834897B0C5A}"
EndProject
Project("{FAE04EC0-301F-11D3-BF4B-00C04F79EFBC}") = "pi193_03WF", "pi19_01\pi193_03WF\pi193_03WF\pi193_03WF.csproj", "{BE570357-E184-4438-B80C-4213814249C7}"
EndProject
Project("{FAE04EC0-301F-11D3-BF4B-00C04F79EFBC}") = "pi193_03CL", "pi19_01\pi193_03CL\pi193_03CL\pi193_03CL.csproj", "{5DD61D41-899A-40C5-B531-9A705BF683C1}"
EndProject
Project("{FAE04EC0-301F-11D3-BF4B-00C04F79EFBC}") = "pi192_03WF", "pi19_01\pi192_03WF\pi192_03WF\pi192_03WF.csproj", "{DE47C176-05A7-4758-8F80-5C77F3B4F908}"
EndProject
Project("{FAE04EC0-301F-11D3-BF4B-00C04F79EFBC}") = "pi192_03DLL", "pi19_01\pi192_03DLL\pi192_03DLL\pi192_03DLL.csproj", "{9C1B050A-FCF5-4333-9091-5FCD44BF07C2}"
EndProject
Project("{FAE04EC0-301F-11D3-BF4B-00C04F79EFBC}") = "pi191_03CL", "pi19_01\pi191_03CL\pi191_03CL\pi191_03CL.csproj", "{FB240F92-B19F-4214-9C27-7F046EB8102A}"
EndProject
Project("{FAE04EC0-301F-11D3-BF4B-00C04F79EFBC}") = "pi191_03WF", "pi19_01\pi191_03WF\pi191_03WF\pi191_03WF.csproj", "{BE89A927-084F-4B92-AE64-CD8FCA2B5F65}"
EndProject
Project("{FAE04EC0-301F-11D3-BF4B-00C04F79EFBC}") = "pi191_03CA", "pi19_01\pi191_03CA\pi191_03CA\pi191_03CA.csproj", "{039DDB6B-A2B5-4BE6-AF94-3F9A7B69042D}"
EndProject
Project("{FAE04EC0-301F-11D3-BF4B-00C04F79EFBC}") = "pi193_03CApp", "pi19_01\pi193_03CA\pi193_03CApp\pi193_03CApp.csproj", "{04EF7CF5-A2B3-4C39-9222-0B6C350D7CFE}"
EndProject
Project("{FAE04EC0-301F-11D3-BF4B-00C04F79EFBC}") = "pi192_03CA", "pi19_01\pi192_03CA\pi192_03CA\pi192_03CA.csproj", "{6274D485-0E71-490A-B0BF-AF98355295F8}"
EndProject
Project("{2150E333-8FDC-42A3-9474-1A3956D46DE8}") = "L1_WCF", "L1_WCF", "{942FD591-7713-4C1E-9D67-EFFC02661420}"
EndProject
Project("{FAE04EC0-301F-11D3-BF4B-00C04F79EFBC}") = "L1.Server", "pi19_02\L1_WCF\L1.Server\L1.Server.csproj", "{7A6459BE-3890-48BF-84E0-63AE3BE6DC61}"
EndProject
Project("{FAE04EC0-301F-11D3-BF4B-00C04F79EFBC}") = "L1.WcfServiceLibrary", "pi19_02\L1_WCF\L1.WcfServiceLibrary\L1.WcfServiceLibrary.csproj", "{698CC6A9-20C7-4531-9C54-C7B2241B7257}"
EndProject
Global
	GlobalSection(SolutionConfigurationPlatforms) = preSolution
		Debug|Any CPU = Debug|Any CPU
		Release|Any CPU = Release|Any CPU
	EndGlobalSection
	GlobalSection(ProjectConfigurationPlatforms) = postSolution
		{44170BD6-F4CF-4083-A467-A37E8D9F9C79}.Debug|Any CPU.ActiveCfg = Debug|Any CPU
		{44170BD6-F4CF-4083-A467-A37E8D9F9C79}.Debug|Any CPU.Build.0 = Debug|Any CPU
		{44170BD6-F4CF-4083-A467-A37E8D9F9C79}.Release|Any CPU.ActiveCfg = Release|Any CPU
		{44170BD6-F4CF-4083-A467-A37E8D9F9C79}.Release|Any CPU.Build.0 = Release|Any CPU
		{5A4C20E9-5C62-4FB3-9B17-EBA84ED67B69}.Debug|Any CPU.ActiveCfg = Debug|Any CPU
		{5A4C20E9-5C62-4FB3-9B17-EBA84ED67B69}.Debug|Any CPU.Build.0 = Debug|Any CPU
		{5A4C20E9-5C62-4FB3-9B17-EBA84ED67B69}.Release|Any CPU.ActiveCfg = Release|Any CPU
		{5A4C20E9-5C62-4FB3-9B17-EBA84ED67B69}.Release|Any CPU.Build.0 = Release|Any CPU
		{FEFA86A9-357D-4516-A67F-8C1AC3773D3F}.Debug|Any CPU.ActiveCfg = Debug|Any CPU
		{FEFA86A9-357D-4516-A67F-8C1AC3773D3F}.Debug|Any CPU.Build.0 = Debug|Any CPU
		{FEFA86A9-357D-4516-A67F-8C1AC3773D3F}.Release|Any CPU.ActiveCfg = Release|Any CPU
		{FEFA86A9-357D-4516-A67F-8C1AC3773D3F}.Release|Any CPU.Build.0 = Release|Any CPU
		{C3A0675C-6D56-49E3-8C82-1BA357952264}.Debug|Any CPU.ActiveCfg = Debug|Any CPU
		{C3A0675C-6D56-49E3-8C82-1BA357952264}.Debug|Any CPU.Build.0 = Debug|Any CPU
		{C3A0675C-6D56-49E3-8C82-1BA357952264}.Release|Any CPU.ActiveCfg = Release|Any CPU
		{C3A0675C-6D56-49E3-8C82-1BA357952264}.Release|Any CPU.Build.0 = Release|Any CPU
		{DAAF3A6D-C070-44C6-A337-9E38D5006E99}.Debug|Any CPU.ActiveCfg = Debug|Any CPU
		{DAAF3A6D-C070-44C6-A337-9E38D5006E99}.Debug|Any CPU.Build.0 = Debug|Any CPU
		{DAAF3A6D-C070-44C6-A337-9E38D5006E99}.Release|Any CPU.ActiveCfg = Release|Any CPU
		{DAAF3A6D-C070-44C6-A337-9E38D5006E99}.Release|Any CPU.Build.0 = Release|Any CPU
		{D961AE34-0CE8-42D7-8869-E7528F00DBF9}.Debug|Any CPU.ActiveCfg = Debug|Any CPU
		{D961AE34-0CE8-42D7-8869-E7528F00DBF9}.Debug|Any CPU.Build.0 = Debug|Any CPU
		{D961AE34-0CE8-42D7-8869-E7528F00DBF9}.Release|Any CPU.ActiveCfg = Release|Any CPU
		{D961AE34-0CE8-42D7-8869-E7528F00DBF9}.Release|Any CPU.Build.0 = Release|Any CPU
		{61EB388F-82EF-47A7-A869-08354CEB9657}.Debug|Any CPU.ActiveCfg = Debug|Any CPU
		{61EB388F-82EF-47A7-A869-08354CEB9657}.Debug|Any CPU.Build.0 = Debug|Any CPU
		{61EB388F-82EF-47A7-A869-08354CEB9657}.Release|Any CPU.ActiveCfg = Release|Any CPU
		{61EB388F-82EF-47A7-A869-08354CEB9657}.Release|Any CPU.Build.0 = Release|Any CPU
		{016D617C-C367-4C8A-A3D7-2834897B0C5A}.Debug|Any CPU.ActiveCfg = Debug|Any CPU
		{016D617C-C367-4C8A-A3D7-2834897B0C5A}.Debug|Any CPU.Build.0 = Debug|Any CPU
		{016D617C-C367-4C8A-A3D7-2834897B0C5A}.Release|Any CPU.ActiveCfg = Release|Any CPU
		{016D617C-C367-4C8A-A3D7-2834897B0C5A}.Release|Any CPU.Build.0 = Release|Any CPU
		{BE570357-E184-4438-B80C-4213814249C7}.Debug|Any CPU.ActiveCfg = Debug|Any CPU
		{BE570357-E184-4438-B80C-4213814249C7}.Debug|Any CPU.Build.0 = Debug|Any CPU
		{BE570357-E184-4438-B80C-4213814249C7}.Release|Any CPU.ActiveCfg = Release|Any CPU
		{BE570357-E184-4438-B80C-4213814249C7}.Release|Any CPU.Build.0 = Release|Any CPU
		{5DD61D41-899A-40C5-B531-9A705BF683C1}.Debug|Any CPU.ActiveCfg = Debug|Any CPU
		{5DD61D41-899A-40C5-B531-9A705BF683C1}.Debug|Any CPU.Build.0 = Debug|Any CPU
		{5DD61D41-899A-40C5-B531-9A705BF683C1}.Release|Any CPU.ActiveCfg = Release|Any CPU
		{5DD61D41-899A-40C5-B531-9A705BF683C1}.Release|Any CPU.Build.0 = Release|Any CPU
		{DE47C176-05A7-4758-8F80-5C77F3B4F908}.Debug|Any CPU.ActiveCfg = Debug|Any CPU
		{DE47C176-05A7-4758-8F80-5C77F3B4F908}.Debug|Any CPU.Build.0 = Debug|Any CPU
		{DE47C176-05A7-4758-8F80-5C77F3B4F908}.Release|Any CPU.ActiveCfg = Release|Any CPU
		{DE47C176-05A7-4758-8F80-5C77F3B4F908}.Release|Any CPU.Build.0 = Release|Any CPU
		{9C1B050A-FCF5-4333-9091-5FCD44BF07C2}.Debug|Any CPU.ActiveCfg = Debug|Any CPU
		{9C1B050A-FCF5-4333-9091-5FCD44BF07C2}.Debug|Any CPU.Build.0 = Debug|Any CPU
		{9C1B050A-FCF5-4333-9091-5FCD44BF07C2}.Release|Any CPU.ActiveCfg = Release|Any CPU
		{9C1B050A-FCF5-4333-9091-5FCD44BF07C2}.Release|Any CPU.Build.0 = Release|Any CPU
		{FB240F92-B19F-4214-9C27-7F046EB8102A}.Debug|Any CPU.ActiveCfg = Debug|Any CPU
		{FB240F92-B19F-4214-9C27-7F046EB8102A}.Debug|Any CPU.Build.0 = Debug|Any CPU
		{FB240F92-B19F-4214-9C27-7F046EB8102A}.Release|Any CPU.ActiveCfg = Release|Any CPU
		{FB240F92-B19F-4214-9C27-7F046EB8102A}.Release|Any CPU.Build.0 = Release|Any CPU
		{BE89A927-084F-4B92-AE64-CD8FCA2B5F65}.Debug|Any CPU.ActiveCfg = Debug|Any CPU
		{BE89A927-084F-4B92-AE64-CD8FCA2B5F65}.Debug|Any CPU.Build.0 = Debug|Any CPU
		{BE89A927-084F-4B92-AE64-CD8FCA2B5F65}.Release|Any CPU.ActiveCfg = Release|Any CPU
		{BE89A927-084F-4B92-AE64-CD8FCA2B5F65}.Release|Any CPU.Build.0 = Release|Any CPU
		{039DDB6B-A2B5-4BE6-AF94-3F9A7B69042D}.Debug|Any CPU.ActiveCfg = Debug|Any CPU
		{039DDB6B-A2B5-4BE6-AF94-3F9A7B69042D}.Debug|Any CPU.Build.0 = Debug|Any CPU
		{039DDB6B-A2B5-4BE6-AF94-3F9A7B69042D}.Release|Any CPU.ActiveCfg = Release|Any CPU
		{039DDB6B-A2B5-4BE6-AF94-3F9A7B69042D}.Release|Any CPU.Build.0 = Release|Any CPU
		{04EF7CF5-A2B3-4C39-9222-0B6C350D7CFE}.Debug|Any CPU.ActiveCfg = Debug|Any CPU
		{04EF7CF5-A2B3-4C39-9222-0B6C350D7CFE}.Debug|Any CPU.Build.0 = Debug|Any CPU
		{04EF7CF5-A2B3-4C39-9222-0B6C350D7CFE}.Release|Any CPU.ActiveCfg = Release|Any CPU
		{04EF7CF5-A2B3-4C39-9222-0B6C350D7CFE}.Release|Any CPU.Build.0 = Release|Any CPU
		{6274D485-0E71-490A-B0BF-AF98355295F8}.Debug|Any CPU.ActiveCfg = Debug|Any CPU
		{6274D485-0E71-490A-B0BF-AF98355295F8}.Debug|Any CPU.Build.0 = Debug|Any CPU
		{6274D485-0E71-490A-B0BF-AF98355295F8}.Release|Any CPU.ActiveCfg = Release|Any CPU
		{6274D485-0E71-490A-B0BF-AF98355295F8}.Release|Any CPU.Build.0 = Release|Any CPU
		{7A6459BE-3890-48BF-84E0-63AE3BE6DC61}.Debug|Any CPU.ActiveCfg = Debug|Any CPU
		{7A6459BE-3890-48BF-84E0-63AE3BE6DC61}.Debug|Any CPU.Build.0 = Debug|Any CPU
		{7A6459BE-3890-48BF-84E0-63AE3BE6DC61}.Release|Any CPU.ActiveCfg = Release|Any CPU
		{7A6459BE-3890-48BF-84E0-63AE3BE6DC61}.Release|Any CPU.Build.0 = Release|Any CPU
		{698CC6A9-20C7-4531-9C54-C7B2241B7257}.Debug|Any CPU.ActiveCfg = Debug|Any CPU
		{698CC6A9-20C7-4531-9C54-C7B2241B7257}.Debug|Any CPU.Build.0 = Debug|Any CPU
		{698CC6A9-20C7-4531-9C54-C7B2241B7257}.Release|Any CPU.ActiveCfg = Release|Any CPU
		{698CC6A9-20C7-4531-9C54-C7B2241B7257}.Release|Any CPU.Build.0 = Release|Any CPU
	EndGlobalSection
	GlobalSection(SolutionProperties) = preSolution
		HideSolutionNode = FALSE
	EndGlobalSection
	GlobalSection(NestedProjects) = preSolution
		{44170BD6-F4CF-4083-A467-A37E8D9F9C79} = {96DC3A6B-1AAD-48F1-9D48-A4A0A33629C3}
		{5A4C20E9-5C62-4FB3-9B17-EBA84ED67B69} = {F548A769-CA24-48AA-9FB2-B69C1B32A61A}
		{FEFA86A9-357D-4516-A67F-8C1AC3773D3F} = {475B0B62-F542-466D-9199-E04F8BA1876D}
		{C3A0675C-6D56-49E3-8C82-1BA357952264} = {F548A769-CA24-48AA-9FB2-B69C1B32A61A}
		{DAAF3A6D-C070-44C6-A337-9E38D5006E99} = {96DC3A6B-1AAD-48F1-9D48-A4A0A33629C3}
		{D961AE34-0CE8-42D7-8869-E7528F00DBF9} = {F548A769-CA24-48AA-9FB2-B69C1B32A61A}
		{61EB388F-82EF-47A7-A869-08354CEB9657} = {475B0B62-F542-466D-9199-E04F8BA1876D}
		{016D617C-C367-4C8A-A3D7-2834897B0C5A} = {96DC3A6B-1AAD-48F1-9D48-A4A0A33629C3}
		{BE570357-E184-4438-B80C-4213814249C7} = {F548A769-CA24-48AA-9FB2-B69C1B32A61A}
		{5DD61D41-899A-40C5-B531-9A705BF683C1} = {F548A769-CA24-48AA-9FB2-B69C1B32A61A}
		{DE47C176-05A7-4758-8F80-5C77F3B4F908} = {96DC3A6B-1AAD-48F1-9D48-A4A0A33629C3}
		{9C1B050A-FCF5-4333-9091-5FCD44BF07C2} = {96DC3A6B-1AAD-48F1-9D48-A4A0A33629C3}
		{FB240F92-B19F-4214-9C27-7F046EB8102A} = {475B0B62-F542-466D-9199-E04F8BA1876D}
		{BE89A927-084F-4B92-AE64-CD8FCA2B5F65} = {475B0B62-F542-466D-9199-E04F8BA1876D}
		{039DDB6B-A2B5-4BE6-AF94-3F9A7B69042D} = {475B0B62-F542-466D-9199-E04F8BA1876D}
		{04EF7CF5-A2B3-4C39-9222-0B6C350D7CFE} = {F548A769-CA24-48AA-9FB2-B69C1B32A61A}
		{6274D485-0E71-490A-B0BF-AF98355295F8} = {96DC3A6B-1AAD-48F1-9D48-A4A0A33629C3}
		{7A6459BE-3890-48BF-84E0-63AE3BE6DC61} = {942FD591-7713-4C1E-9D67-EFFC02661420}
		{698CC6A9-20C7-4531-9C54-C7B2241B7257} = {942FD591-7713-4C1E-9D67-EFFC02661420}
	EndGlobalSection
	GlobalSection(ExtensibilityGlobals) = postSolution
		SolutionGuid = {1FAB7524-9DB7-4E21-B406-E72CF24ED14B}
	EndGlobalSection
EndGlobal
