
Microsoft Visual Studio Solution File, Format Version 12.00
# Visual Studio 15
VisualStudioVersion = 15.0.28307.1209
MinimumVisualStudioVersion = 10.0.40219.1
Project("{2150E333-8FDC-42A3-9474-1A3956D46DE8}") = "Задания", "Задания", "{4C384AF8-48F2-4C87-9573-0752D71AE6CE}"
	ProjectSection(SolutionItems) = preProject
		pi19_01\pi19_01_task.txt = pi19_01\pi19_01_task.txt
		pi19_01\pi19_02_task.txt = pi19_01\pi19_02_task.txt
		pi19_03_task.txt = pi19_03_task.txt
	EndProjectSection
EndProject
Project("{FAE04EC0-301F-11D3-BF4B-00C04F79EFBC}") = "pi192_01", "pi19_01\pi192_01\pi192_01.csproj", "{44170BD6-F4CF-4083-A467-A37E8D9F9C79}"
EndProject
Project("{FAE04EC0-301F-11D3-BF4B-00C04F79EFBC}") = "pi193_01", "pi19_01\pi193_01\pi193_01.csproj", "{5A4C20E9-5C62-4FB3-9B17-EBA84ED67B69}"
EndProject
Project("{FAE04EC0-301F-11D3-BF4B-00C04F79EFBC}") = "pi191_01", "pi19_01\pi191_01\pi191_01.csproj", "{FEFA86A9-357D-4516-A67F-8C1AC3773D3F}"
EndProject
Project("{FAE04EC0-301F-11D3-BF4B-00C04F79EFBC}") = "pi193_02", "pi19_01\pi193_02\pi193_02.csproj", "{C3A0675C-6D56-49E3-8C82-1BA357952264}"
EndProject
Project("{FAE04EC0-301F-11D3-BF4B-00C04F79EFBC}") = "pi192_02", "pi19_01\pi192_02\pi192_02.csproj", "{DAAF3A6D-C070-44C6-A337-9E38D5006E99}"
EndProject
Project("{FAE04EC0-301F-11D3-BF4B-00C04F79EFBC}") = "pi193_03", "pi19_01\pi193_03\pi193_03.csproj", "{D961AE34-0CE8-42D7-8869-E7528F00DBF9}"
EndProject
Project("{2150E333-8FDC-42A3-9474-1A3956D46DE8}") = "pi191", "pi191", "{475B0B62-F542-466D-9199-E04F8BA1876D}"
EndProject
Project("{2150E333-8FDC-42A3-9474-1A3956D46DE8}") = "pi192", "pi192", "{96DC3A6B-1AAD-48F1-9D48-A4A0A33629C3}"
EndProject
Project("{2150E333-8FDC-42A3-9474-1A3956D46DE8}") = "pi193", "pi193", "{F548A769-CA24-48AA-9FB2-B69C1B32A61A}"
EndProject
Project("{FAE04EC0-301F-11D3-BF4B-00C04F79EFBC}") = "pi191_02", "pi19_01\pi191_02\pi191_02.csproj", "{61EB388F-82EF-47A7-A869-08354CEB9657}"
EndProject
Project("{FAE04EC0-301F-11D3-BF4B-00C04F79EFBC}") = "pi192_03", "pi192_03\pi192_03.csproj", "{016D617C-C367-4C8A-A3D7-2834897B0C5A}"
EndProject
Global
	GlobalSection(SolutionConfigurationPlatforms) = preSolution
		Debug|Any CPU = Debug|Any CPU
		Release|Any CPU = Release|Any CPU
	EndGlobalSection
	GlobalSection(ProjectConfigurationPlatforms) = postSolution
		{44170BD6-F4CF-4083-A467-A37E8D9F9C79}.Debug|Any CPU.ActiveCfg = Debug|Any CPU
		{44170BD6-F4CF-4083-A467-A37E8D9F9C79}.Debug|Any CPU.Build.0 = Debug|Any CPU
		{44170BD6-F4CF-4083-A467-A37E8D9F9C79}.Release|Any CPU.ActiveCfg = Release|Any CPU
		{44170BD6-F4CF-4083-A467-A37E8D9F9C79}.Release|Any CPU.Build.0 = Release|Any CPU
		{5A4C20E9-5C62-4FB3-9B17-EBA84ED67B69}.Debug|Any CPU.ActiveCfg = Debug|Any CPU
		{5A4C20E9-5C62-4FB3-9B17-EBA84ED67B69}.Debug|Any CPU.Build.0 = Debug|Any CPU
		{5A4C20E9-5C62-4FB3-9B17-EBA84ED67B69}.Release|Any CPU.ActiveCfg = Release|Any CPU
		{5A4C20E9-5C62-4FB3-9B17-EBA84ED67B69}.Release|Any CPU.Build.0 = Release|Any CPU
		{FEFA86A9-357D-4516-A67F-8C1AC3773D3F}.Debug|Any CPU.ActiveCfg = Debug|Any CPU
		{FEFA86A9-357D-4516-A67F-8C1AC3773D3F}.Debug|Any CPU.Build.0 = Debug|Any CPU
		{FEFA86A9-357D-4516-A67F-8C1AC3773D3F}.Release|Any CPU.ActiveCfg = Release|Any CPU
		{FEFA86A9-357D-4516-A67F-8C1AC3773D3F}.Release|Any CPU.Build.0 = Release|Any CPU
		{C3A0675C-6D56-49E3-8C82-1BA357952264}.Debug|Any CPU.ActiveCfg = Debug|Any CPU
		{C3A0675C-6D56-49E3-8C82-1BA357952264}.Debug|Any CPU.Build.0 = Debug|Any CPU
		{C3A0675C-6D56-49E3-8C82-1BA357952264}.Release|Any CPU.ActiveCfg = Release|Any CPU
		{C3A0675C-6D56-49E3-8C82-1BA357952264}.Release|Any CPU.Build.0 = Release|Any CPU
		{DAAF3A6D-C070-44C6-A337-9E38D5006E99}.Debug|Any CPU.ActiveCfg = Debug|Any CPU
		{DAAF3A6D-C070-44C6-A337-9E38D5006E99}.Debug|Any CPU.Build.0 = Debug|Any CPU
		{DAAF3A6D-C070-44C6-A337-9E38D5006E99}.Release|Any CPU.ActiveCfg = Release|Any CPU
		{DAAF3A6D-C070-44C6-A337-9E38D5006E99}.Release|Any CPU.Build.0 = Release|Any CPU
		{D961AE34-0CE8-42D7-8869-E7528F00DBF9}.Debug|Any CPU.ActiveCfg = Debug|Any CPU
		{D961AE34-0CE8-42D7-8869-E7528F00DBF9}.Debug|Any CPU.Build.0 = Debug|Any CPU
		{D961AE34-0CE8-42D7-8869-E7528F00DBF9}.Release|Any CPU.ActiveCfg = Release|Any CPU
		{D961AE34-0CE8-42D7-8869-E7528F00DBF9}.Release|Any CPU.Build.0 = Release|Any CPU
		{61EB388F-82EF-47A7-A869-08354CEB9657}.Debug|Any CPU.ActiveCfg = Debug|Any CPU
		{61EB388F-82EF-47A7-A869-08354CEB9657}.Debug|Any CPU.Build.0 = Debug|Any CPU
		{61EB388F-82EF-47A7-A869-08354CEB9657}.Release|Any CPU.ActiveCfg = Release|Any CPU
		{61EB388F-82EF-47A7-A869-08354CEB9657}.Release|Any CPU.Build.0 = Release|Any CPU
		{016D617C-C367-4C8A-A3D7-2834897B0C5A}.Debug|Any CPU.ActiveCfg = Debug|Any CPU
		{016D617C-C367-4C8A-A3D7-2834897B0C5A}.Debug|Any CPU.Build.0 = Debug|Any CPU
		{016D617C-C367-4C8A-A3D7-2834897B0C5A}.Release|Any CPU.ActiveCfg = Release|Any CPU
		{016D617C-C367-4C8A-A3D7-2834897B0C5A}.Release|Any CPU.Build.0 = Release|Any CPU
	EndGlobalSection
	GlobalSection(SolutionProperties) = preSolution
		HideSolutionNode = FALSE
	EndGlobalSection
	GlobalSection(NestedProjects) = preSolution
		{44170BD6-F4CF-4083-A467-A37E8D9F9C79} = {96DC3A6B-1AAD-48F1-9D48-A4A0A33629C3}
		{5A4C20E9-5C62-4FB3-9B17-EBA84ED67B69} = {F548A769-CA24-48AA-9FB2-B69C1B32A61A}
		{FEFA86A9-357D-4516-A67F-8C1AC3773D3F} = {475B0B62-F542-466D-9199-E04F8BA1876D}
		{C3A0675C-6D56-49E3-8C82-1BA357952264} = {F548A769-CA24-48AA-9FB2-B69C1B32A61A}
		{DAAF3A6D-C070-44C6-A337-9E38D5006E99} = {96DC3A6B-1AAD-48F1-9D48-A4A0A33629C3}
		{D961AE34-0CE8-42D7-8869-E7528F00DBF9} = {F548A769-CA24-48AA-9FB2-B69C1B32A61A}
		{61EB388F-82EF-47A7-A869-08354CEB9657} = {475B0B62-F542-466D-9199-E04F8BA1876D}
		{016D617C-C367-4C8A-A3D7-2834897B0C5A} = {96DC3A6B-1AAD-48F1-9D48-A4A0A33629C3}
	EndGlobalSection
	GlobalSection(ExtensibilityGlobals) = postSolution
		SolutionGuid = {1FAB7524-9DB7-4E21-B406-E72CF24ED14B}
	EndGlobalSection
EndGlobal
